
Microsoft Visual Studio Solution File, Format Version 12.00
# Visual Studio Version 17
VisualStudioVersion = 17.0.32014.148
MinimumVisualStudioVersion = 10.0.40219.1
Project("{FAE04EC0-301F-11D3-BF4B-00C04F79EFBC}") = "AsyncBasic", "AsyncBasic\AsyncBasic.csproj", "{47ECA589-1D1C-4B08-9608-0B2422427D39}"
EndProject
Global
	GlobalSection(SolutionConfigurationPlatforms) = preSolution
		Debug|Any CPU = Debug|Any CPU
		Release|Any CPU = Release|Any CPU
	EndGlobalSection
	GlobalSection(ProjectConfigurationPlatforms) = postSolution
		{47ECA589-1D1C-4B08-9608-0B2422427D39}.Debug|Any CPU.ActiveCfg = Debug|Any CPU
		{47ECA589-1D1C-4B08-9608-0B2422427D39}.Debug|Any CPU.Build.0 = Debug|Any CPU
		{47ECA589-1D1C-4B08-9608-0B2422427D39}.Release|Any CPU.ActiveCfg = Release|Any CPU
		{47ECA589-1D1C-4B08-9608-0B2422427D39}.Release|Any CPU.Build.0 = Release|Any CPU
	EndGlobalSection
	GlobalSection(SolutionProperties) = preSolution
		HideSolutionNode = FALSE
	EndGlobalSection
	GlobalSection(ExtensibilityGlobals) = postSolution
		SolutionGuid = {5877A985-90FB-4647-9F8A-FB6FCCC0DCE4}
	EndGlobalSection
EndGlobal
